{
  "pins" : [
    {
      "identity" : "alamofire",
      "kind" : "remoteSourceControl",
      "location" : "https://github.com/Alamofire/Alamofire.git",
      "state" : {
        "revision" : "b2fa556e4e48cbf06cf8c63def138c98f4b811fa",
        "version" : "5.8.0"
      }
    },
    {
      "identity" : "hdspmdemo",
      "kind" : "remoteSourceControl",
      "location" : "https://github.com/erduoniba/HDSPMDemo.git",
      "state" : {
        "branch" : "main",
        "revision" : "e051c4bf10c0efa28c319d944b3ec44e7900f930"
      }
    }
  ],
  "version" : 2
}
